
Microsoft Visual Studio Solution File, Format Version 12.00
# Visual Studio Version 16
VisualStudioVersion = 16.0.30907.101
MinimumVisualStudioVersion = 10.0.40219.1
Project("{FAE04EC0-301F-11D3-BF4B-00C04F79EFBC}") = "ProCreJect", "ProCreJect\ProCreJect.csproj", "{522A3B8C-BBA9-47AC-BEBD-73AB72A0F50C}"
EndProject
Global
	GlobalSection(SolutionConfigurationPlatforms) = preSolution
		Debug|Any CPU = Debug|Any CPU
		Release|Any CPU = Release|Any CPU
	EndGlobalSection
	GlobalSection(ProjectConfigurationPlatforms) = postSolution
		{522A3B8C-BBA9-47AC-BEBD-73AB72A0F50C}.Debug|Any CPU.ActiveCfg = Debug|Any CPU
		{522A3B8C-BBA9-47AC-BEBD-73AB72A0F50C}.Debug|Any CPU.Build.0 = Debug|Any CPU
		{522A3B8C-BBA9-47AC-BEBD-73AB72A0F50C}.Release|Any CPU.ActiveCfg = Release|Any CPU
		{522A3B8C-BBA9-47AC-BEBD-73AB72A0F50C}.Release|Any CPU.Build.0 = Release|Any CPU
	EndGlobalSection
	GlobalSection(SolutionProperties) = preSolution
		HideSolutionNode = FALSE
	EndGlobalSection
	GlobalSection(ExtensibilityGlobals) = postSolution
		SolutionGuid = {F1847341-71A2-430F-BEF6-D17290C9D3E6}
	EndGlobalSection
EndGlobal
